version = 1
revision = 3
requires-python = ">=3.12"

[[package]]
name = "click"
version = "8.3.1"
source = { registry = "https://pypi.org/simple" }
dependencies = [
    { name = "colorama", marker = "sys_platform == 'win32'" },
]
sdist = { url = "https://files.pythonhosted.org/packages/3d/fa/656b739db8587d7b5dfa22e22ed02566950fbfbcdc20311993483657a5c0/click-8.3.1.tar.gz", hash = "sha256:12ff4785d337a1bb490bb7e9c2b1ee5da3112e94a8622f26a6c77f5d2fc6842a", size = 295065, upload-time = "2025-11-15T20:45:42.706Z" }
wheels = [
    { url = "https://files.pythonhosted.org/packages/98/78/01c019cdb5d6498122777c1a43056ebb3ebfeef2076d9d026bfe15583b2b/click-8.3.1-py3-none-any.whl", hash = "sha256:981153a64e25f12d547d3426c367a4857371575ee7ad18df2a6183ab0545b2a6", size = 108274, upload-time = "2025-11-15T20:45:41.139Z" },
]

[[package]]
name = "colorama"
version = "0.4.6"
source = { registry = "https://pypi.org/simple" }
sdist = { url = "https://files.pythonhosted.org/packages/d8/53/6f443c9a4a8358a93a6792e2acffb9d9d5cb0a5cfd8802644b7b1c9a02e4/colorama-0.4.6.tar.gz", hash = "sha256:08695f5cb7ed6e0531a20572697297273c47b8cae5a63ffc6d6ed5c201be6e44", size = 27697, upload-time = "2022-10-25T02:36:22.414Z" }
wheels = [
    { url = "https://files.pythonhosted.org/packages/d1/d6/3965ed04c63042e047cb6a3e6ed1a63a35087b6a609aa3a15ed8ac56c221/colorama-0.4.6-py2.py3-none-any.whl", hash = "sha256:4f1d9991f5acc0ca119f9d443620b77f9d6b33703e51011c16baf57afb285fc6", size = 25335, upload-time = "2022-10-25T02:36:20.889Z" },
]

[[package]]
name = "isal"
version = "1.8.0"
source = { registry = "https://pypi.org/simple" }
sdist = { url = "https://files.pythonhosted.org/packages/9c/35/40ff3eabd401036f792cf55ba9cd19dcd5e3cb79aa5798332885ab0ff1b9/isal-1.8.0.tar.gz", hash = "sha256:124233e9a31a62030a07aafd48c26689561926f4e10417ed3ea46c211218f2b4", size = 4133365, upload-time = "2025-09-10T08:47:12.653Z" }
wheels = [
    { url = "https://files.pythonhosted.org/packages/58/6f/e170e758293712e4f7ac1d0cf92290a80816d0eea8eb0871d82877ca7372/isal-1.8.0-cp312-cp312-macosx_10_13_x86_64.whl", hash = "sha256:3255b5dd6ac0238d410a6d630761e3826d4360400e88d6106e8ad85fe9042966", size = 237652, upload-time = "2025-09-10T08:47:31.57Z" },
    { url = "https://files.pythonhosted.org/packages/e2/9b/0c3f5fc05aa7d67dc1aa9542549c044234e2d6abd8a2b39f5f689ab9b612/isal-1.8.0-cp312-cp312-macosx_11_0_arm64.whl", hash = "sha256:2147175ea74b9028653c5949b7e1b241e2e24f017879fb55d52de9496786d9d8", size = 189145, upload-time = "2025-09-10T08:43:20.896Z" },
    { url = "https://files.pythonhosted.org/packages/93/87/1ef86dd9419a0ab350a4dc0078c0ca7e5d9d96dea2978361d1d2cde22084/isal-1.8.0-cp312-cp312-manylinux2014_aarch64.manylinux_2_17_aarch64.manylinux_2_28_aarch64.whl", hash = "sha256:fa279aa6b7d6b6e99cceab84f7a8d53e755d2954ad95e14548e94460b7f4c0f2", size = 234403, upload-time = "2025-09-10T09:13:11.214Z" },
    { url = "https://files.pythonhosted.org/packages/29/92/c10343738c170c31a5e25f0a1d024f8160ec107c5a2935a1a07587821100/isal-1.8.0-cp312-cp312-manylinux2014_x86_64.manylinux_2_17_x86_64.manylinux_2_28_x86_64.whl", hash = "sha256:d3c28ff61f2f300e498ea0f50cb1528d8c14631fce4cdfce191ed05775952de3", size = 264663, upload-time = "2025-09-10T08:47:01.294Z" },
    { url = "https://files.pythonhosted.org/packages/31/4f/fec324c58eeb607bcc1716a555d4a161c9a0815060ef13e229b1f28b9836/isal-1.8.0-cp312-cp312-musllinux_1_2_aarch64.whl", hash = "sha256:ba19300d922ba6bc2305e7548c4a27266061448df526bd660ceaaeead500c694", size = 235142, upload-time = "2025-09-10T09:13:12.282Z" },
    { url = "https://files.pythonhosted.org/packages/9f/72/5cbc30d59821bcf93be44eab758ca999794fbd6e47b67954193d11e92000/isal-1.8.0-cp312-cp312-musllinux_1_2_x86_64.whl", hash = "sha256:3ce55960f53603145d35188ca6363848b79675d81c95a3ff2cfb4b2cb806873e", size = 266327, upload-time = "2025-09-10T08:47:02.178Z" },
    { url = "https://files.pythonhosted.org/packages/63/a0/3cdaac7caab7e5e2660afbf03d16616f8c3fb91ec3b75596e2388d42b90b/isal-1.8.0-cp312-cp312-win_amd64.whl", hash = "sha256:1d376b7644434d50fedfb670483150ece64082212b6e1f23976f92a91fa1b99b", size = 203025, upload-time = "2025-09-10T08:49:15.206Z" },
    { url = "https://files.pythonhosted.org/packages/e1/6b/11966680b6cdb040359901b8df235f5a7948c1104e38e0441e319f1e6365/isal-1.8.0-cp313-cp313-macosx_10_13_x86_64.whl", hash = "sha256:f9072de73d7e896f3785f1e5df7859d051424f17aa678a86f6e204c2f653b3ef", size = 237633, upload-time = "2025-09-10T08:47:32.497Z" },
    { url = "https://files.pythonhosted.org/packages/f1/22/232e516b2de02ce6c7c007e5dcf78f0bd854bd4d4e761fe6a409f2571ccb/isal-1.8.0-cp313-cp313-macosx_11_0_arm64.whl", hash = "sha256:57baeb782f14714adab7990402fe965f11f88c7de9456de3c5426c378c476de3", size = 189131, upload-time = "2025-09-10T08:43:22.11Z" },
    { url = "https://files.pythonhosted.org/packages/db/ff/b438cc054270f5fbea38f0f88185a8b696db6022029995bc301fd924ab38/isal-1.8.0-cp313-cp313-manylinux2014_aarch64.manylinux_2_17_aarch64.manylinux_2_28_aarch64.whl", hash = "sha256:1ced06c2e71028fc6755edec6a9de4f1f680fdc7dd22497de3118729043e8f28", size = 234376, upload-time = "2025-09-10T09:13:13.194Z" },
    { url = "https://files.pythonhosted.org/packages/20/94/47188fb4988456f750faeac1b5e656bea225eb44567344c5bb8c22dce620/isal-1.8.0-cp313-cp313-manylinux2014_x86_64.manylinux_2_17_x86_64.manylinux_2_28_x86_64.whl", hash = "sha256:df4550061cbc828def0e19f7cf59c8dfe8d585869bd33ed4c5ddf6f1c477f640", size = 264678, upload-time = "2025-09-10T08:47:03.25Z" },
    { url = "https://files.pythonhosted.org/packages/86/d1/ecef8dd3faf1c781fc53ada5266200254373e1b24c207ce237f8de6baa0e/isal-1.8.0-cp313-cp313-musllinux_1_2_aarch64.whl", hash = "sha256:5461b34053badb6a555601e39130a4e7d801e32d5c745adba2ed1ffe50583a8b", size = 235139, upload-time = "2025-09-10T09:13:14.162Z" },
    { url = "https://files.pythonhosted.org/packages/91/d2/bb46cb0cc0bf5ffdb55c970c7aa161b8188f63e320ab923501d4030d7f7a/isal-1.8.0-cp313-cp313-musllinux_1_2_x86_64.whl", hash = "sha256:2c91bc9d0421fdf86b3a377cef6b9c58e84104e3d5b69dd02a83ca8190823153", size = 266294, upload-time = "2025-09-10T08:47:04.242Z" },
    { url = "https://files.pythonhosted.org/packages/2f/56/932cf1d1471e74ea8b21958cbbcc98f49a49251de5f629c292fce02fa51b/isal-1.8.0-cp313-cp313-win_amd64.whl", hash = "sha256:e1b2118cdc4b4813f679d6b941ec3f9db8d433c260df02fbc5fc6e2a007457b8", size = 202996, upload-time = "2025-09-10T08:49:16.142Z" },
    { url = "https://files.pythonhosted.org/packages/a5/e0/3ffd41f69d3259344a0ee763dfb39521798ae2a4221e14a3a7f4e47f38a1/isal-1.8.0-cp314-cp314-macosx_10_13_x86_64.whl", hash = "sha256:272293b48fdd50b86b5c19fbae8b5938aad2efa1768d3ef66f070269c0420261", size = 237612, upload-time = "2025-09-10T08:47:33.369Z" },
    { url = "https://files.pythonhosted.org/packages/ea/d8/64829ef22e42772f940ae1c74a36c0e837157a2065960047e2e8eab22da8/isal-1.8.0-cp314-cp314-macosx_11_0_arm64.whl", hash = "sha256:26496d4dcc1bd473c0a0fd9302c6e97d994741a5109590afade60fb9896270da", size = 189161, upload-time = "2025-09-10T08:43:23.101Z" },
    { url = "https://files.pythonhosted.org/packages/1a/63/c43f1134f1c000355435d2347a3afdf2105e957958e0209edcd613d6531d/isal-1.8.0-cp314-cp314-manylinux2014_aarch64.manylinux_2_17_aarch64.manylinux_2_28_aarch64.whl", hash = "sha256:65695e42335249503b4af05773d556d01c2d6906473606b0d144f4aa03bf41dd", size = 234440, upload-time = "2025-09-10T09:13:15.153Z" },
    { url = "https://files.pythonhosted.org/packages/62/43/0bebab1f4c6e4503bd52e2a9871f41e197bea1f87b7bcaa60dc513f67998/isal-1.8.0-cp314-cp314-manylinux2014_x86_64.manylinux_2_17_x86_64.manylinux_2_28_x86_64.whl", hash = "sha256:1e7228932f08622d0463777106fcdc29d1ddc53900dd05257eea2c6a59094f6a", size = 264691, upload-time = "2025-09-10T08:47:05.407Z" },
    { url = "https://files.pythonhosted.org/packages/46/5f/f63af7a4687095d8c286fecb0b6b1dc4857bcffa7adad1014a8935f31002/isal-1.8.0-cp314-cp314-musllinux_1_2_aarch64.whl", hash = "sha256:f2204027a4cca57815ead299976c8afc94fae18ffb9287d5771d01cc907899ee", size = 235199, upload-time = "2025-09-10T09:13:16.123Z" },
    { url = "https://files.pythonhosted.org/packages/4d/d3/d2155f41d7f77fbdd97815c483a9c289ef0fe470da7cf4444c9950e67b0e/isal-1.8.0-cp314-cp314-musllinux_1_2_x86_64.whl", hash = "sha256:f437ea6b084343711e9f80245392b73dfdd7e7ed9d3555a3be399f05538217a7", size = 266305, upload-time = "2025-09-10T08:47:06.694Z" },
    { url = "https://files.pythonhosted.org/packages/9e/4a/46e2f69228cb60ae7150d87154018d4229dea91e59dab73df30d4024a075/isal-1.8.0-cp314-cp314-win_amd64.whl", hash = "sha256:1f4349bc7eb446977e9977d6c746e0a7b7089a34f234780c7636da525227a421", size = 208258, upload-time = "2025-09-10T08:49:17.425Z" },
    { url = "https://files.pythonhosted.org/packages/4d/2f/61df3b1768c923be7a35c6388154ddebd5a3c3e4880ac2942b8737cc95d1/isal-1.8.0-cp314-cp314t-macosx_10_13_x86_64.whl", hash = "sha256:f2bc7f828f93db859d05b20658389917082dadff91d10e097e493b68a24b2f23", size = 238612, upload-time = "2025-09-10T08:47:34.335Z" },
    { url = "https://files.pythonhosted.org/packages/3f/41/3d885d62929439bfc344afb414e7702475e16cbc16fbf5e9f3609f34d6c5/isal-1.8.0-cp314-cp314t-macosx_11_0_arm64.whl", hash = "sha256:8778153b53f36db545671c077a8f20734f7d34d7bdbc521bbe197aabfc6358d2", size = 190499, upload-time = "2025-09-10T08:43:24.353Z" },
    { url = "https://files.pythonhosted.org/packages/52/45/5ab58528dc47278898758a8a0c4813f00b519fef7b1d24431fa01185df79/isal-1.8.0-cp314-cp314t-manylinux2014_aarch64.manylinux_2_17_aarch64.manylinux_2_28_aarch64.whl", hash = "sha256:a0adc3d7354f79a25bd7c20a42d6a257ff9ade54b709b40a5ce05f0eb7085134", size = 236048, upload-time = "2025-09-10T09:13:17.117Z" },
    { url = "https://files.pythonhosted.org/packages/c6/ec/21416397eb988435786ab748fdabdb205854c0bdc618e2bcb797ffc811a0/isal-1.8.0-cp314-cp314t-manylinux2014_x86_64.manylinux_2_17_x86_64.manylinux_2_28_x86_64.whl", hash = "sha256:31662c3939b5653e29770e78eacf399dee8082486a3033c52e139108ee7f8767", size = 265915, upload-time = "2025-09-10T08:47:07.702Z" },
    { url = "https://files.pythonhosted.org/packages/f4/c6/a19dd99ae36a28c984aaeb77e06dedaac0d0d413c40792e37461fe0a228a/isal-1.8.0-cp314-cp314t-musllinux_1_2_aarch64.whl", hash = "sha256:e4f46ec4289e8dc74777a0199528f612f2b8aecd9f60a932990a4f66062bc509", size = 236583, upload-time = "2025-09-10T09:13:18.179Z" },
    { url = "https://files.pythonhosted.org/packages/4d/b2/47ee5ec9b9b67a792225895fb4683a1e3c721e8fe0a4d79d2822e43e4c59/isal-1.8.0-cp314-cp314t-musllinux_1_2_x86_64.whl", hash = "sha256:914442a3da17812fc5ab136da6aad2c5cee59d17bb9382b59f7a55efeea28988", size = 267585, upload-time = "2025-09-10T08:47:08.928Z" },
    { url = "https://files.pythonhosted.org/packages/e0/8a/768d91b6078f283c521b79e0a59d7e07a54a0bfab690ab90bcf4c641cc93/isal-1.8.0-cp314-cp314t-win_amd64.whl", hash = "sha256:e76946e7455b1614a6a00bf9ec6444baa3a5217e6806836e0e9a271f0d18f84d", size = 209399, upload-time = "2025-09-10T08:49:19.2Z" },
]

[[package]]
name = "lingua-language-detector"
version = "2.1.1"
source = { registry = "https://pypi.org/simple" }
wheels = [
    { url = "https://files.pythonhosted.org/packages/ab/fe/33eae6e11979278017d2e781d0ea1e2c3cf18f70284c7fce32d1e9a0df5f/lingua_language_detector-2.1.1-cp312-cp312-macosx_10_12_x86_64.whl", hash = "sha256:80acd7652f95ae569e6a03ffcb0cb9522ea3fde2328b9c6fac15b1d24ba382d9", size = 96059493, upload-time = "2025-05-27T20:41:32.018Z" },
    { url = "https://files.pythonhosted.org/packages/48/bd/fed4a8a1d3d016fb69e9de5bfd03a4eac131f698d8254eb60be1ba67a67e/lingua_language_detector-2.1.1-cp312-cp312-macosx_11_0_arm64.whl", hash = "sha256:0a18d3bf0039ef8746f8df391cff885b47e2a3762bb30883eceac3d449fd1fc8", size = 96718240, upload-time = "2025-05-27T20:41:37.576Z" },
    { url = "https://files.pythonhosted.org/packages/78/0f/e85720ea17dde1463a847b963d24ea7c43c8cc600c6bdd5ff64775f4578a/lingua_language_detector-2.1.1-cp312-cp312-manylinux_2_17_aarch64.manylinux2014_aarch64.whl", hash = "sha256:3de2070ab293457a4f0fc1bd87f34de2e98c8348205b40b5667e043485950a64", size = 96161618, upload-time = "2025-05-27T20:41:43.86Z" },
    { url = "https://files.pythonhosted.org/packages/42/41/22ce56bb34ed8ea418e67ac448f557af3a9a446defb523fb7b85e822e32b/lingua_language_detector-2.1.1-cp312-cp312-manylinux_2_17_x86_64.manylinux2014_x86_64.whl", hash = "sha256:6a398e4871fe8e32ff5711eaabb09ebdf4f80420d73e5d646a6cae0468c7c47e", size = 96236811, upload-time = "2025-05-27T20:41:49.737Z" },
    { url = "https://files.pythonhosted.org/packages/28/88/873a9df437f71ff0b5e58b9d764289c3a9df6d32c706ba3f0f0361eb8f10/lingua_language_detector-2.1.1-cp312-cp312-musllinux_1_2_aarch64.whl", hash = "sha256:f9e116206431eb283a4bc9107407a58b7d093870ae9d50ab43e39796db029fc5", size = 96335066, upload-time = "2025-05-27T20:41:55.914Z" },
    { url = "https://files.pythonhosted.org/packages/09/13/9d618ccf34d70688514336c256af4c7fb861e94b009ed0962cbd72e87567/lingua_language_detector-2.1.1-cp312-cp312-musllinux_1_2_x86_64.whl", hash = "sha256:6e1c950dceafd5ee12b6267d9f71987c572a1ee9f18b6465c722fcde9b0d5149", size = 96407990, upload-time = "2025-05-27T20:42:04.39Z" },
    { url = "https://files.pythonhosted.org/packages/af/56/ec90f90afcdf09b3c1ed52f4c65430d5454e5ef2cc101220b91a37bfb719/lingua_language_detector-2.1.1-cp312-cp312-win_amd64.whl", hash = "sha256:a54d976a1daa8ecb5fd3f36e1ed5d3f9a363beed6edca22e88e49a8af9c4757a", size = 95868446, upload-time = "2025-05-27T20:42:10.226Z" },
    { url = "https://files.pythonhosted.org/packages/b8/54/f95fe718a889f7b57e507580d2713e29dfc5eaadbe4ad323bfd631fc9490/lingua_language_detector-2.1.1-cp313-cp313-macosx_10_12_x86_64.whl", hash = "sha256:6190e7632d08467dd3d148134743c4c40ccb4c84d6f3313508ffd73a8210c614", size = 96059594, upload-time = "2025-05-27T20:42:15.713Z" },
    { url = "https://files.pythonhosted.org/packages/c6/f2/61aad0aecf707e112bae4340275934eb4098c6c3040ffe7ae316498ea78f/lingua_language_detector-2.1.1-cp313-cp313-macosx_11_0_arm64.whl", hash = "sha256:bbf22f8b1715f577f8cda4758d61ff3c1f5238d48b8cbe035a3c2064edf7b0a5", size = 96718187, upload-time = "2025-05-27T20:42:20.97Z" },
    { url = "https://files.pythonhosted.org/packages/c4/82/0571a607046a73284e43f46b4ef22f903156799f4ee96aa5b466ace632a8/lingua_language_detector-2.1.1-cp313-cp313-manylinux_2_17_aarch64.manylinux2014_aarch64.whl", hash = "sha256:fe21c948a387fd9aa0b994853eb47cfedcc738a91530193de839ef0977ecc0de", size = 96161005, upload-time = "2025-05-27T20:42:26.985Z" },
    { url = "https://files.pythonhosted.org/packages/79/27/647e2a112e974d24e98f1168004522960d47991e122f43438e75fd1d06e2/lingua_language_detector-2.1.1-cp313-cp313-manylinux_2_17_x86_64.manylinux2014_x86_64.whl", hash = "sha256:d55300513d9e2e0e034f6fd6b8cf111ba9faf49ba20cc060d67b403c3d356148", size = 96236397, upload-time = "2025-05-27T20:42:32.103Z" },
    { url = "https://files.pythonhosted.org/packages/82/c6/2e9cc80bdd621648e4e27c3d40dc04bd7fc85fbfd5698692217008b15090/lingua_language_detector-2.1.1-cp313-cp313-musllinux_1_2_aarch64.whl", hash = "sha256:354040a3c2ac748623966373cc64de34e8f14b0043c09aa334fdccf3456bf5d0", size = 96334444, upload-time = "2025-05-27T20:42:37.381Z" },
    { url = "https://files.pythonhosted.org/packages/14/ae/5c700dc7b4b7d975df93c67b9d80fe2fd153da703721d1e5faa7c97bd194/lingua_language_detector-2.1.1-cp313-cp313-musllinux_1_2_x86_64.whl", hash = "sha256:17110a40f9346a4c24291b170d0deb815bd615427c4857342a7f513813717148", size = 96407649, upload-time = "2025-05-27T20:42:45.921Z" },
    { url = "https://files.pythonhosted.org/packages/9f/5d/aec2634a8a54c654e5fb5816d703c72263360a23e682bb7f5a4f77e06e70/lingua_language_detector-2.1.1-cp313-cp313-win_amd64.whl", hash = "sha256:53cc131d9c7be64a88b1e20633d66c62a2779776e11a26e32bac80fb19b43f33", size = 95868425, upload-time = "2025-05-27T20:42:51.148Z" },
]

[[package]]
name = "noch-gut-data"
version = "0.1.0"
source = { editable = "." }
dependencies = [
    { name = "click" },
    { name = "isal" },
    { name = "lingua-language-detector" },
    { name = "orjson" },
    { name = "sparqlwrapper" },
    { name = "tqdm" },
]

[package.metadata]
requires-dist = [
    { name = "click", specifier = ">=8.1" },
    { name = "isal", specifier = ">=1.8.0" },
    { name = "lingua-language-detector", specifier = ">=2.1.1" },
    { name = "orjson", specifier = ">=3.10" },
    { name = "sparqlwrapper", specifier = ">=2.0" },
    { name = "tqdm", specifier = ">=4.66" },
]

[[package]]
name = "orjson"
version = "3.11.5"
source = { registry = "https://pypi.org/simple" }
sdist = { url = "https://files.pythonhosted.org/packages/04/b8/333fdb27840f3bf04022d21b654a35f58e15407183aeb16f3b41aa053446/orjson-3.11.5.tar.gz", hash = "sha256:82393ab47b4fe44ffd0a7659fa9cfaacc717eb617c93cde83795f14af5c2e9d5", size = 5972347, upload-time = "2025-12-06T15:55:39.458Z" }
wheels = [
    { url = "https://files.pythonhosted.org/packages/ef/a4/8052a029029b096a78955eadd68ab594ce2197e24ec50e6b6d2ab3f4e33b/orjson-3.11.5-cp312-cp312-macosx_10_15_x86_64.macosx_11_0_arm64.macosx_10_15_universal2.whl", hash = "sha256:334e5b4bff9ad101237c2d799d9fd45737752929753bf4faf4b207335a416b7d", size = 245347, upload-time = "2025-12-06T15:54:22.061Z" },
    { url = "https://files.pythonhosted.org/packages/64/67/574a7732bd9d9d79ac620c8790b4cfe0717a3d5a6eb2b539e6e8995e24a0/orjson-3.11.5-cp312-cp312-macosx_15_0_arm64.whl", hash = "sha256:ff770589960a86eae279f5d8aa536196ebda8273a2a07db2a54e82b93bc86626", size = 129435, upload-time = "2025-12-06T15:54:23.615Z" },
    { url = "https://files.pythonhosted.org/packages/52/8d/544e77d7a29d90cf4d9eecd0ae801c688e7f3d1adfa2ebae5e1e94d38ab9/orjson-3.11.5-cp312-cp312-manylinux_2_17_aarch64.manylinux2014_aarch64.whl", hash = "sha256:ed24250e55efbcb0b35bed7caaec8cedf858ab2f9f2201f17b8938c618c8ca6f", size = 132074, upload-time = "2025-12-06T15:54:24.694Z" },
    { url = "https://files.pythonhosted.org/packages/6e/57/b9f5b5b6fbff9c26f77e785baf56ae8460ef74acdb3eae4931c25b8f5ba9/orjson-3.11.5-cp312-cp312-manylinux_2_17_armv7l.manylinux2014_armv7l.whl", hash = "sha256:a66d7769e98a08a12a139049aac2f0ca3adae989817f8c43337455fbc7669b85", size = 130520, upload-time = "2025-12-06T15:54:26.185Z" },
    { url = "https://files.pythonhosted.org/packages/f6/6d/d34970bf9eb33f9ec7c979a262cad86076814859e54eb9a059a52f6dc13d/orjson-3.11.5-cp312-cp312-manylinux_2_17_i686.manylinux2014_i686.whl", hash = "sha256:86cfc555bfd5794d24c6a1903e558b50644e5e68e6471d66502ce5cb5fdef3f9", size = 136209, upload-time = "2025-12-06T15:54:27.264Z" },
    { url = "https://files.pythonhosted.org/packages/e7/39/bc373b63cc0e117a105ea12e57280f83ae52fdee426890d57412432d63b3/orjson-3.11.5-cp312-cp312-manylinux_2_17_ppc64le.manylinux2014_ppc64le.whl", hash = "sha256:a230065027bc2a025e944f9d4714976a81e7ecfa940923283bca7bbc1f10f626", size = 139837, upload-time = "2025-12-06T15:54:28.75Z" },
    { url = "https://files.pythonhosted.org/packages/cb/aa/7c4818c8d7d324da220f4f1af55c343956003aa4d1ce1857bdc1d396ba69/orjson-3.11.5-cp312-cp312-manylinux_2_17_s390x.manylinux2014_s390x.whl", hash = "sha256:b29d36b60e606df01959c4b982729c8845c69d1963f88686608be9ced96dbfaa", size = 137307, upload-time = "2025-12-06T15:54:29.856Z" },
    { url = "https://files.pythonhosted.org/packages/46/bf/0993b5a056759ba65145effe3a79dd5a939d4a070eaa5da2ee3180fbb13f/orjson-3.11.5-cp312-cp312-manylinux_2_17_x86_64.manylinux2014_x86_64.whl", hash = "sha256:c74099c6b230d4261fdc3169d50efc09abf38ace1a42ea2f9994b1d79153d477", size = 139020, upload-time = "2025-12-06T15:54:31.024Z" },
    { url = "https://files.pythonhosted.org/packages/65/e8/83a6c95db3039e504eda60fc388f9faedbb4f6472f5aba7084e06552d9aa/orjson-3.11.5-cp312-cp312-musllinux_1_2_aarch64.whl", hash = "sha256:e697d06ad57dd0c7a737771d470eedc18e68dfdefcdd3b7de7f33dfda5b6212e", size = 141099, upload-time = "2025-12-06T15:54:32.196Z" },
    { url = "https://files.pythonhosted.org/packages/b9/b4/24fdc024abfce31c2f6812973b0a693688037ece5dc64b7a60c1ce69e2f2/orjson-3.11.5-cp312-cp312-musllinux_1_2_armv7l.whl", hash = "sha256:e08ca8a6c851e95aaecc32bc44a5aa75d0ad26af8cdac7c77e4ed93acf3d5b69", size = 413540, upload-time = "2025-12-06T15:54:33.361Z" },
    { url = "https://files.pythonhosted.org/packages/d9/37/01c0ec95d55ed0c11e4cae3e10427e479bba40c77312b63e1f9665e0737d/orjson-3.11.5-cp312-cp312-musllinux_1_2_i686.whl", hash = "sha256:e8b5f96c05fce7d0218df3fdfeb962d6b8cfff7e3e20264306b46dd8b217c0f3", size = 151530, upload-time = "2025-12-06T15:54:34.6Z" },
    { url = "https://files.pythonhosted.org/packages/f9/d4/f9ebc57182705bb4bbe63f5bbe14af43722a2533135e1d2fb7affa0c355d/orjson-3.11.5-cp312-cp312-musllinux_1_2_x86_64.whl", hash = "sha256:ddbfdb5099b3e6ba6d6ea818f61997bb66de14b411357d24c4612cf1ebad08ca", size = 141863, upload-time = "2025-12-06T15:54:35.801Z" },
    { url = "https://files.pythonhosted.org/packages/0d/04/02102b8d19fdcb009d72d622bb5781e8f3fae1646bf3e18c53d1bc8115b5/orjson-3.11.5-cp312-cp312-win32.whl", hash = "sha256:9172578c4eb09dbfcf1657d43198de59b6cef4054de385365060ed50c458ac98", size = 135255, upload-time = "2025-12-06T15:54:37.209Z" },
    { url = "https://files.pythonhosted.org/packages/d4/fb/f05646c43d5450492cb387de5549f6de90a71001682c17882d9f66476af5/orjson-3.11.5-cp312-cp312-win_amd64.whl", hash = "sha256:2b91126e7b470ff2e75746f6f6ee32b9ab67b7a93c8ba1d15d3a0caaf16ec875", size = 133252, upload-time = "2025-12-06T15:54:38.401Z" },
    { url = "https://files.pythonhosted.org/packages/dc/a6/7b8c0b26ba18c793533ac1cd145e131e46fcf43952aa94c109b5b913c1f0/orjson-3.11.5-cp312-cp312-win_arm64.whl", hash = "sha256:acbc5fac7e06777555b0722b8ad5f574739e99ffe99467ed63da98f97f9ca0fe", size = 126777, upload-time = "2025-12-06T15:54:39.515Z" },
    { url = "https://files.pythonhosted.org/packages/10/43/61a77040ce59f1569edf38f0b9faadc90c8cf7e9bec2e0df51d0132c6bb7/orjson-3.11.5-cp313-cp313-macosx_10_15_x86_64.macosx_11_0_arm64.macosx_10_15_universal2.whl", hash = "sha256:3b01799262081a4c47c035dd77c1301d40f568f77cc7ec1bb7db5d63b0a01629", size = 245271, upload-time = "2025-12-06T15:54:40.878Z" },
    { url = "https://files.pythonhosted.org/packages/55/f9/0f79be617388227866d50edd2fd320cb8fb94dc1501184bb1620981a0aba/orjson-3.11.5-cp313-cp313-macosx_15_0_arm64.whl", hash = "sha256:61de247948108484779f57a9f406e4c84d636fa5a59e411e6352484985e8a7c3", size = 129422, upload-time = "2025-12-06T15:54:42.403Z" },
    { url = "https://files.pythonhosted.org/packages/77/42/f1bf1549b432d4a78bfa95735b79b5dac75b65b5bb815bba86ad406ead0a/orjson-3.11.5-cp313-cp313-manylinux_2_17_aarch64.manylinux2014_aarch64.whl", hash = "sha256:894aea2e63d4f24a7f04a1908307c738d0dce992e9249e744b8f4e8dd9197f39", size = 132060, upload-time = "2025-12-06T15:54:43.531Z" },
    { url = "https://files.pythonhosted.org/packages/25/49/825aa6b929f1a6ed244c78acd7b22c1481fd7e5fda047dc8bf4c1a807eb6/orjson-3.11.5-cp313-cp313-manylinux_2_17_armv7l.manylinux2014_armv7l.whl", hash = "sha256:ddc21521598dbe369d83d4d40338e23d4101dad21dae0e79fa20465dbace019f", size = 130391, upload-time = "2025-12-06T15:54:45.059Z" },
    { url = "https://files.pythonhosted.org/packages/42/ec/de55391858b49e16e1aa8f0bbbb7e5997b7345d8e984a2dec3746d13065b/orjson-3.11.5-cp313-cp313-manylinux_2_17_i686.manylinux2014_i686.whl", hash = "sha256:7cce16ae2f5fb2c53c3eafdd1706cb7b6530a67cc1c17abe8ec747f5cd7c0c51", size = 135964, upload-time = "2025-12-06T15:54:46.576Z" },
    { url = "https://files.pythonhosted.org/packages/1c/40/820bc63121d2d28818556a2d0a09384a9f0262407cf9fa305e091a8048df/orjson-3.11.5-cp313-cp313-manylinux_2_17_ppc64le.manylinux2014_ppc64le.whl", hash = "sha256:e46c762d9f0e1cfb4ccc8515de7f349abbc95b59cb5a2bd68df5973fdef913f8", size = 139817, upload-time = "2025-12-06T15:54:48.084Z" },
    { url = "https://files.pythonhosted.org/packages/09/c7/3a445ca9a84a0d59d26365fd8898ff52bdfcdcb825bcc6519830371d2364/orjson-3.11.5-cp313-cp313-manylinux_2_17_s390x.manylinux2014_s390x.whl", hash = "sha256:d7345c759276b798ccd6d77a87136029e71e66a8bbf2d2755cbdde1d82e78706", size = 137336, upload-time = "2025-12-06T15:54:49.426Z" },
    { url = "https://files.pythonhosted.org/packages/9a/b3/dc0d3771f2e5d1f13368f56b339c6782f955c6a20b50465a91acb79fe961/orjson-3.11.5-cp313-cp313-manylinux_2_17_x86_64.manylinux2014_x86_64.whl", hash = "sha256:75bc2e59e6a2ac1dd28901d07115abdebc4563b5b07dd612bf64260a201b1c7f", size = 138993, upload-time = "2025-12-06T15:54:50.939Z" },
    { url = "https://files.pythonhosted.org/packages/d1/a2/65267e959de6abe23444659b6e19c888f242bf7725ff927e2292776f6b89/orjson-3.11.5-cp313-cp313-musllinux_1_2_aarch64.whl", hash = "sha256:54aae9b654554c3b4edd61896b978568c6daa16af96fa4681c9b5babd469f863", size = 141070, upload-time = "2025-12-06T15:54:52.414Z" },
    { url = "https://files.pythonhosted.org/packages/63/c9/da44a321b288727a322c6ab17e1754195708786a04f4f9d2220a5076a649/orjson-3.11.5-cp313-cp313-musllinux_1_2_armv7l.whl", hash = "sha256:4bdd8d164a871c4ec773f9de0f6fe8769c2d6727879c37a9666ba4183b7f8228", size = 413505, upload-time = "2025-12-06T15:54:53.67Z" },
    { url = "https://files.pythonhosted.org/packages/7f/17/68dc14fa7000eefb3d4d6d7326a190c99bb65e319f02747ef3ebf2452f12/orjson-3.11.5-cp313-cp313-musllinux_1_2_i686.whl", hash = "sha256:a261fef929bcf98a60713bf5e95ad067cea16ae345d9a35034e73c3990e927d2", size = 151342, upload-time = "2025-12-06T15:54:55.113Z" },
    { url = "https://files.pythonhosted.org/packages/c4/c5/ccee774b67225bed630a57478529fc026eda33d94fe4c0eac8fe58d4aa52/orjson-3.11.5-cp313-cp313-musllinux_1_2_x86_64.whl", hash = "sha256:c028a394c766693c5c9909dec76b24f37e6a1b91999e8d0c0d5feecbe93c3e05", size = 141823, upload-time = "2025-12-06T15:54:56.331Z" },
    { url = "https://files.pythonhosted.org/packages/67/80/5d00e4155d0cd7390ae2087130637671da713959bb558db9bac5e6f6b042/orjson-3.11.5-cp313-cp313-win32.whl", hash = "sha256:2cc79aaad1dfabe1bd2d50ee09814a1253164b3da4c00a78c458d82d04b3bdef", size = 135236, upload-time = "2025-12-06T15:54:57.507Z" },
    { url = "https://files.pythonhosted.org/packages/95/fe/792cc06a84808dbdc20ac6eab6811c53091b42f8e51ecebf14b540e9cfe4/orjson-3.11.5-cp313-cp313-win_amd64.whl", hash = "sha256:ff7877d376add4e16b274e35a3f58b7f37b362abf4aa31863dadacdd20e3a583", size = 133167, upload-time = "2025-12-06T15:54:58.71Z" },
    { url = "https://files.pythonhosted.org/packages/46/2c/d158bd8b50e3b1cfdcf406a7e463f6ffe3f0d167b99634717acdaf5e299f/orjson-3.11.5-cp313-cp313-win_arm64.whl", hash = "sha256:59ac72ea775c88b163ba8d21b0177628bd015c5dd060647bbab6e22da3aad287", size = 126712, upload-time = "2025-12-06T15:54:59.892Z" },
    { url = "https://files.pythonhosted.org/packages/c2/60/77d7b839e317ead7bb225d55bb50f7ea75f47afc489c81199befc5435b50/orjson-3.11.5-cp314-cp314-macosx_10_15_x86_64.macosx_11_0_arm64.macosx_10_15_universal2.whl", hash = "sha256:e446a8ea0a4c366ceafc7d97067bfd55292969143b57e3c846d87fc701e797a0", size = 245252, upload-time = "2025-12-06T15:55:01.127Z" },
    { url = "https://files.pythonhosted.org/packages/f1/aa/d4639163b400f8044cef0fb9aa51b0337be0da3a27187a20d1166e742370/orjson-3.11.5-cp314-cp314-macosx_15_0_arm64.whl", hash = "sha256:53deb5addae9c22bbe3739298f5f2196afa881ea75944e7720681c7080909a81", size = 129419, upload-time = "2025-12-06T15:55:02.723Z" },
    { url = "https://files.pythonhosted.org/packages/30/94/9eabf94f2e11c671111139edf5ec410d2f21e6feee717804f7e8872d883f/orjson-3.11.5-cp314-cp314-manylinux_2_17_aarch64.manylinux2014_aarch64.whl", hash = "sha256:82cd00d49d6063d2b8791da5d4f9d20539c5951f965e45ccf4e96d33505ce68f", size = 132050, upload-time = "2025-12-06T15:55:03.918Z" },
    { url = "https://files.pythonhosted.org/packages/3d/c8/ca10f5c5322f341ea9a9f1097e140be17a88f88d1cfdd29df522970d9744/orjson-3.11.5-cp314-cp314-manylinux_2_17_armv7l.manylinux2014_armv7l.whl", hash = "sha256:3fd15f9fc8c203aeceff4fda211157fad114dde66e92e24097b3647a08f4ee9e", size = 130370, upload-time = "2025-12-06T15:55:05.173Z" },
    { url = "https://files.pythonhosted.org/packages/25/d4/e96824476d361ee2edd5c6290ceb8d7edf88d81148a6ce172fc00278ca7f/orjson-3.11.5-cp314-cp314-manylinux_2_17_i686.manylinux2014_i686.whl", hash = "sha256:9df95000fbe6777bf9820ae82ab7578e8662051bb5f83d71a28992f539d2cda7", size = 136012, upload-time = "2025-12-06T15:55:06.402Z" },
    { url = "https://files.pythonhosted.org/packages/85/8e/9bc3423308c425c588903f2d103cfcfe2539e07a25d6522900645a6f257f/orjson-3.11.5-cp314-cp314-manylinux_2_17_ppc64le.manylinux2014_ppc64le.whl", hash = "sha256:92a8d676748fca47ade5bc3da7430ed7767afe51b2f8100e3cd65e151c0eaceb", size = 139809, upload-time = "2025-12-06T15:55:07.656Z" },
    { url = "https://files.pythonhosted.org/packages/e9/3c/b404e94e0b02a232b957c54643ce68d0268dacb67ac33ffdee24008c8b27/orjson-3.11.5-cp314-cp314-manylinux_2_17_s390x.manylinux2014_s390x.whl", hash = "sha256:aa0f513be38b40234c77975e68805506cad5d57b3dfd8fe3baa7f4f4051e15b4", size = 137332, upload-time = "2025-12-06T15:55:08.961Z" },
    { url = "https://files.pythonhosted.org/packages/51/30/cc2d69d5ce0ad9b84811cdf4a0cd5362ac27205a921da524ff42f26d65e0/orjson-3.11.5-cp314-cp314-manylinux_2_17_x86_64.manylinux2014_x86_64.whl", hash = "sha256:fa1863e75b92891f553b7922ce4ee10ed06db061e104f2b7815de80cdcb135ad", size = 138983, upload-time = "2025-12-06T15:55:10.595Z" },
    { url = "https://files.pythonhosted.org/packages/0e/87/de3223944a3e297d4707d2fe3b1ffb71437550e165eaf0ca8bbe43ccbcb1/orjson-3.11.5-cp314-cp314-musllinux_1_2_aarch64.whl", hash = "sha256:d4be86b58e9ea262617b8ca6251a2f0d63cc132a6da4b5fcc8e0a4128782c829", size = 141069, upload-time = "2025-12-06T15:55:11.832Z" },
    { url = "https://files.pythonhosted.org/packages/65/30/81d5087ae74be33bcae3ff2d80f5ccaa4a8fedc6d39bf65a427a95b8977f/orjson-3.11.5-cp314-cp314-musllinux_1_2_armv7l.whl", hash = "sha256:b923c1c13fa02084eb38c9c065afd860a5cff58026813319a06949c3af5732ac", size = 413491, upload-time = "2025-12-06T15:55:13.314Z" },
    { url = "https://files.pythonhosted.org/packages/d0/6f/f6058c21e2fc1efaf918986dbc2da5cd38044f1a2d4b7b91ad17c4acf786/orjson-3.11.5-cp314-cp314-musllinux_1_2_i686.whl", hash = "sha256:1b6bd351202b2cd987f35a13b5e16471cf4d952b42a73c391cc537974c43ef6d", size = 151375, upload-time = "2025-12-06T15:55:14.715Z" },
    { url = "https://files.pythonhosted.org/packages/54/92/c6921f17d45e110892899a7a563a925b2273d929959ce2ad89e2525b885b/orjson-3.11.5-cp314-cp314-musllinux_1_2_x86_64.whl", hash = "sha256:bb150d529637d541e6af06bbe3d02f5498d628b7f98267ff87647584293ab439", size = 141850, upload-time = "2025-12-06T15:55:15.94Z" },
    { url = "https://files.pythonhosted.org/packages/88/86/cdecb0140a05e1a477b81f24739da93b25070ee01ce7f7242f44a6437594/orjson-3.11.5-cp314-cp314-win32.whl", hash = "sha256:9cc1e55c884921434a84a0c3dd2699eb9f92e7b441d7f53f3941079ec6ce7499", size = 135278, upload-time = "2025-12-06T15:55:17.202Z" },
    { url = "https://files.pythonhosted.org/packages/e4/97/b638d69b1e947d24f6109216997e38922d54dcdcdb1b11c18d7efd2d3c59/orjson-3.11.5-cp314-cp314-win_amd64.whl", hash = "sha256:a4f3cb2d874e03bc7767c8f88adaa1a9a05cecea3712649c3b58589ec7317310", size = 133170, upload-time = "2025-12-06T15:55:18.468Z" },
    { url = "https://files.pythonhosted.org/packages/8f/dd/f4fff4a6fe601b4f8f3ba3aa6da8ac33d17d124491a3b804c662a70e1636/orjson-3.11.5-cp314-cp314-win_arm64.whl", hash = "sha256:38b22f476c351f9a1c43e5b07d8b5a02eb24a6ab8e75f700f7d479d4568346a5", size = 126713, upload-time = "2025-12-06T15:55:19.738Z" },
]

[[package]]
name = "pyparsing"
version = "3.3.0"
source = { registry = "https://pypi.org/simple" }
sdist = { url = "https://files.pythonhosted.org/packages/62/1d/d559954c70be4aade5a6c292c2a940718c4f1da764866b82d8f4261eea3c/pyparsing-3.3.0.tar.gz", hash = "sha256:0de16f2661afbab11fe6645d9472c3b96968d2fffea5b0cc9da88f5be286f039", size = 1550386, upload-time = "2025-12-22T14:49:04.322Z" }
wheels = [
    { url = "https://files.pythonhosted.org/packages/c8/23/c8dd17cbb1bd6614f306a983e260e31c01f3e8e8cc8954ba68749db6ae82/pyparsing-3.3.0-py3-none-any.whl", hash = "sha256:d15038408e0097d3a01e7e0846731f7f2450c5b6e4a75a52baabd6bbf24585be", size = 121782, upload-time = "2025-12-22T14:49:02.822Z" },
]

[[package]]
name = "rdflib"
version = "7.5.0"
source = { registry = "https://pypi.org/simple" }
dependencies = [
    { name = "pyparsing" },
]
sdist = { url = "https://files.pythonhosted.org/packages/ec/1b/4cd9a29841951371304828d13282e27a5f25993702c7c87dcb7e0604bd25/rdflib-7.5.0.tar.gz", hash = "sha256:663083443908b1830e567350d72e74d9948b310f827966358d76eebdc92bf592", size = 4903859, upload-time = "2025-11-28T05:51:54.562Z" }
wheels = [
    { url = "https://files.pythonhosted.org/packages/b9/20/35d2baebacf357b562bd081936b66cd845775442973cb033a377fd639a84/rdflib-7.5.0-py3-none-any.whl", hash = "sha256:b011dfc40d0fc8a44252e906dcd8fc806a7859bc231be190c37e9568a31ac572", size = 587215, upload-time = "2025-11-28T05:51:38.178Z" },
]

[[package]]
name = "sparqlwrapper"
version = "2.0.0"
source = { registry = "https://pypi.org/simple" }
dependencies = [
    { name = "rdflib" },
]
sdist = { url = "https://files.pythonhosted.org/packages/4e/cc/453752fffa759ef41a3ceadb3f167e13dae1a74c1db057d9f6a7affa9240/SPARQLWrapper-2.0.0.tar.gz", hash = "sha256:3fed3ebcc77617a4a74d2644b86fd88e0f32e7f7003ac7b2b334c026201731f1", size = 98429, upload-time = "2022-03-13T23:14:00.671Z" }
wheels = [
    { url = "https://files.pythonhosted.org/packages/31/89/176e3db96e31e795d7dfd91dd67749d3d1f0316bb30c6931a6140e1a0477/SPARQLWrapper-2.0.0-py3-none-any.whl", hash = "sha256:c99a7204fff676ee28e6acef327dc1ff8451c6f7217dcd8d49e8872f324a8a20", size = 28620, upload-time = "2022-03-13T23:13:58.969Z" },
]

[[package]]
name = "tqdm"
version = "4.67.1"
source = { registry = "https://pypi.org/simple" }
dependencies = [
    { name = "colorama", marker = "sys_platform == 'win32'" },
]
sdist = { url = "https://files.pythonhosted.org/packages/a8/4b/29b4ef32e036bb34e4ab51796dd745cdba7ed47ad142a9f4a1eb8e0c744d/tqdm-4.67.1.tar.gz", hash = "sha256:f8aef9c52c08c13a65f30ea34f4e5aac3fd1a34959879d7e59e63027286627f2", size = 169737, upload-time = "2024-11-24T20:12:22.481Z" }
wheels = [
    { url = "https://files.pythonhosted.org/packages/d0/30/dc54f88dd4a2b5dc8a0279bdd7270e735851848b762aeb1c1184ed1f6b14/tqdm-4.67.1-py3-none-any.whl", hash = "sha256:26445eca388f82e72884e0d580d5464cd801a3ea01e63e5601bdff9ba6a48de2", size = 78540, upload-time = "2024-11-24T20:12:19.698Z" },
]
